
Microsoft Visual Studio Solution File, Format Version 12.00
# Visual Studio Version 16
VisualStudioVersion = 16.0.30330.147
MinimumVisualStudioVersion = 10.0.40219.1
Project("{FAE04EC0-301F-11D3-BF4B-00C04F79EFBC}") = "Common", "..\..\dotnet-packages\common\src\Common\Common.csproj", "{656A0721-BD26-4CF3-ABF9-539786C87DBD}"
EndProject
Global
	GlobalSection(SolutionConfigurationPlatforms) = preSolution
		Debug|Any CPU = Debug|Any CPU
		Release|Any CPU = Release|Any CPU
	EndGlobalSection
	GlobalSection(ProjectConfigurationPlatforms) = postSolution
		{656A0721-BD26-4CF3-ABF9-539786C87DBD}.Debug|Any CPU.ActiveCfg = Debug|Any CPU
		{656A0721-BD26-4CF3-ABF9-539786C87DBD}.Debug|Any CPU.Build.0 = Debug|Any CPU
		{656A0721-BD26-4CF3-ABF9-539786C87DBD}.Release|Any CPU.ActiveCfg = Release|Any CPU
		{656A0721-BD26-4CF3-ABF9-539786C87DBD}.Release|Any CPU.Build.0 = Release|Any CPU
	EndGlobalSection
	GlobalSection(SolutionProperties) = preSolution
		HideSolutionNode = FALSE
	EndGlobalSection
	GlobalSection(ExtensibilityGlobals) = postSolution
		SolutionGuid = {B17D3440-58AE-4441-97E7-9CCCBBA4E0CD}
	EndGlobalSection
EndGlobal
